
Microsoft Visual Studio Solution File, Format Version 12.00
# Visual Studio Version 17
VisualStudioVersion = 17.3.32901.215
MinimumVisualStudioVersion = 10.0.40219.1
Project("{9A19103F-16F7-4668-BE54-9A1E7A4F7556}") = "SimpleSoundboard", "src\SimpleSoundboard\SimpleSoundboard.csproj", "{F2AFA238-89AE-432F-B975-2CB8EE740DBE}"
EndProject
Project("{9A19103F-16F7-4668-BE54-9A1E7A4F7556}") = "SimpleSoundboard.Views", "src\SimpleSoundboard.Views\SimpleSoundboard.Views.csproj", "{6E1385A4-25A0-44F9-BEDB-E6FF7C88690D}"
EndProject
Project("{FAE04EC0-301F-11D3-BF4B-00C04F79EFBC}") = "SimpleSoundboard.Views.Designer", "src\SimpleSoundboard.Views.Designer\SimpleSoundboard.Views.Designer.csproj", "{06BF16DC-5387-4F57-95C5-FE3088DCF93B}"
EndProject
Project("{9A19103F-16F7-4668-BE54-9A1E7A4F7556}") = "SimpleSoundboard.Interfaces", "src\SimpleSoundboard.Interfaces\SimpleSoundboard.Interfaces.csproj", "{0FB7E6B7-1B2D-4969-895F-6D27D3284E6B}"
EndProject
Project("{9A19103F-16F7-4668-BE54-9A1E7A4F7556}") = "SimpleSoundboard.Controller", "src\SimpleSoundboard.Controler\SimpleSoundboard.Controller.csproj", "{E72C5945-8CE6-4F09-951E-90989B14537A}"
EndProject
Project("{9A19103F-16F7-4668-BE54-9A1E7A4F7556}") = "SimpleSoundboard.Models", "src\SimpleSoundboard.Models\SimpleSoundboard.Models.csproj", "{25352734-FC63-49DB-B824-BC6126265060}"
EndProject
Project("{9A19103F-16F7-4668-BE54-9A1E7A4F7556}") = "SimpleSoundboard.NAudio", "src\SimpleSoundboard.NAudio\SimpleSoundboard.NAudio.csproj", "{E85F9FFA-0618-405D-B3DC-6198F74F3E14}"
EndProject
Project("{9A19103F-16F7-4668-BE54-9A1E7A4F7556}") = "SimpleSoundboard.Keyboard", "src\SimpleSoundboard.Keyboard\SimpleSoundboard.Keyboard.csproj", "{1922A66B-94B4-4A66-807F-82E4E494A4E2}"
EndProject
Project("{9A19103F-16F7-4668-BE54-9A1E7A4F7556}") = "SimpleSoundboard.NameService", "src\SimpleSoundboard.NameService\SimpleSoundboard.NameService.csproj", "{A3273538-B706-4939-9CBC-F1B6BE1D023D}"
EndProject
Project("{9A19103F-16F7-4668-BE54-9A1E7A4F7556}") = "SimpleSoundboard.Extensions", "src\SimpleSoundboard.Extensions\SimpleSoundboard.Extensions.csproj", "{CEDEB541-031F-412E-8AD2-DD054ABFFCB4}"
EndProject
Project("{9A19103F-16F7-4668-BE54-9A1E7A4F7556}") = "SimpleSoundboard.Keyboard.NameService", "src\SimpleSoundboard.Keyboard.NameService\SimpleSoundboard.Keyboard.NameService.csproj", "{DB1DDFFA-229C-494F-B3CF-AC2BC5619562}"
EndProject
Project("{2150E333-8FDC-42A3-9474-1A3956D46DE8}") = "Tests", "Tests", "{6CC6F16F-696D-4827-A229-8CAF3426CEC8}"
EndProject
Project("{FAE04EC0-301F-11D3-BF4B-00C04F79EFBC}") = "SimpleSoundboard.Keyboard.Tests", "tests\SimpleSoundboard.Keyboard.Tests\SimpleSoundboard.Keyboard.Tests.csproj", "{70C4F265-7CE9-4418-BD82-FCD4D68B654E}"
EndProject
Global
	GlobalSection(SolutionConfigurationPlatforms) = preSolution
		Debug|Any CPU = Debug|Any CPU
		Release|Any CPU = Release|Any CPU
	EndGlobalSection
	GlobalSection(ProjectConfigurationPlatforms) = postSolution
		{F2AFA238-89AE-432F-B975-2CB8EE740DBE}.Debug|Any CPU.ActiveCfg = Debug|Any CPU
		{F2AFA238-89AE-432F-B975-2CB8EE740DBE}.Debug|Any CPU.Build.0 = Debug|Any CPU
		{F2AFA238-89AE-432F-B975-2CB8EE740DBE}.Release|Any CPU.ActiveCfg = Release|Any CPU
		{F2AFA238-89AE-432F-B975-2CB8EE740DBE}.Release|Any CPU.Build.0 = Release|Any CPU
		{6E1385A4-25A0-44F9-BEDB-E6FF7C88690D}.Debug|Any CPU.ActiveCfg = Debug|Any CPU
		{6E1385A4-25A0-44F9-BEDB-E6FF7C88690D}.Debug|Any CPU.Build.0 = Debug|Any CPU
		{6E1385A4-25A0-44F9-BEDB-E6FF7C88690D}.Release|Any CPU.ActiveCfg = Release|Any CPU
		{6E1385A4-25A0-44F9-BEDB-E6FF7C88690D}.Release|Any CPU.Build.0 = Release|Any CPU
		{06BF16DC-5387-4F57-95C5-FE3088DCF93B}.Debug|Any CPU.ActiveCfg = Debug|Any CPU
		{06BF16DC-5387-4F57-95C5-FE3088DCF93B}.Debug|Any CPU.Build.0 = Debug|Any CPU
		{06BF16DC-5387-4F57-95C5-FE3088DCF93B}.Release|Any CPU.ActiveCfg = Release|Any CPU
		{06BF16DC-5387-4F57-95C5-FE3088DCF93B}.Release|Any CPU.Build.0 = Release|Any CPU
		{0FB7E6B7-1B2D-4969-895F-6D27D3284E6B}.Debug|Any CPU.ActiveCfg = Debug|Any CPU
		{0FB7E6B7-1B2D-4969-895F-6D27D3284E6B}.Debug|Any CPU.Build.0 = Debug|Any CPU
		{0FB7E6B7-1B2D-4969-895F-6D27D3284E6B}.Release|Any CPU.ActiveCfg = Release|Any CPU
		{0FB7E6B7-1B2D-4969-895F-6D27D3284E6B}.Release|Any CPU.Build.0 = Release|Any CPU
		{E72C5945-8CE6-4F09-951E-90989B14537A}.Debug|Any CPU.ActiveCfg = Debug|Any CPU
		{E72C5945-8CE6-4F09-951E-90989B14537A}.Debug|Any CPU.Build.0 = Debug|Any CPU
		{E72C5945-8CE6-4F09-951E-90989B14537A}.Release|Any CPU.ActiveCfg = Release|Any CPU
		{E72C5945-8CE6-4F09-951E-90989B14537A}.Release|Any CPU.Build.0 = Release|Any CPU
		{25352734-FC63-49DB-B824-BC6126265060}.Debug|Any CPU.ActiveCfg = Debug|Any CPU
		{25352734-FC63-49DB-B824-BC6126265060}.Debug|Any CPU.Build.0 = Debug|Any CPU
		{25352734-FC63-49DB-B824-BC6126265060}.Release|Any CPU.ActiveCfg = Release|Any CPU
		{25352734-FC63-49DB-B824-BC6126265060}.Release|Any CPU.Build.0 = Release|Any CPU
		{E85F9FFA-0618-405D-B3DC-6198F74F3E14}.Debug|Any CPU.ActiveCfg = Debug|Any CPU
		{E85F9FFA-0618-405D-B3DC-6198F74F3E14}.Debug|Any CPU.Build.0 = Debug|Any CPU
		{E85F9FFA-0618-405D-B3DC-6198F74F3E14}.Release|Any CPU.ActiveCfg = Release|Any CPU
		{E85F9FFA-0618-405D-B3DC-6198F74F3E14}.Release|Any CPU.Build.0 = Release|Any CPU
		{1922A66B-94B4-4A66-807F-82E4E494A4E2}.Debug|Any CPU.ActiveCfg = Debug|Any CPU
		{1922A66B-94B4-4A66-807F-82E4E494A4E2}.Debug|Any CPU.Build.0 = Debug|Any CPU
		{1922A66B-94B4-4A66-807F-82E4E494A4E2}.Release|Any CPU.ActiveCfg = Release|Any CPU
		{1922A66B-94B4-4A66-807F-82E4E494A4E2}.Release|Any CPU.Build.0 = Release|Any CPU
		{A3273538-B706-4939-9CBC-F1B6BE1D023D}.Debug|Any CPU.ActiveCfg = Debug|Any CPU
		{A3273538-B706-4939-9CBC-F1B6BE1D023D}.Debug|Any CPU.Build.0 = Debug|Any CPU
		{A3273538-B706-4939-9CBC-F1B6BE1D023D}.Release|Any CPU.ActiveCfg = Release|Any CPU
		{A3273538-B706-4939-9CBC-F1B6BE1D023D}.Release|Any CPU.Build.0 = Release|Any CPU
		{CEDEB541-031F-412E-8AD2-DD054ABFFCB4}.Debug|Any CPU.ActiveCfg = Debug|Any CPU
		{CEDEB541-031F-412E-8AD2-DD054ABFFCB4}.Debug|Any CPU.Build.0 = Debug|Any CPU
		{CEDEB541-031F-412E-8AD2-DD054ABFFCB4}.Release|Any CPU.ActiveCfg = Release|Any CPU
		{CEDEB541-031F-412E-8AD2-DD054ABFFCB4}.Release|Any CPU.Build.0 = Release|Any CPU
		{DB1DDFFA-229C-494F-B3CF-AC2BC5619562}.Debug|Any CPU.ActiveCfg = Debug|Any CPU
		{DB1DDFFA-229C-494F-B3CF-AC2BC5619562}.Debug|Any CPU.Build.0 = Debug|Any CPU
		{DB1DDFFA-229C-494F-B3CF-AC2BC5619562}.Release|Any CPU.ActiveCfg = Release|Any CPU
		{DB1DDFFA-229C-494F-B3CF-AC2BC5619562}.Release|Any CPU.Build.0 = Release|Any CPU
		{70C4F265-7CE9-4418-BD82-FCD4D68B654E}.Debug|Any CPU.ActiveCfg = Debug|Any CPU
		{70C4F265-7CE9-4418-BD82-FCD4D68B654E}.Debug|Any CPU.Build.0 = Debug|Any CPU
		{70C4F265-7CE9-4418-BD82-FCD4D68B654E}.Release|Any CPU.ActiveCfg = Release|Any CPU
		{70C4F265-7CE9-4418-BD82-FCD4D68B654E}.Release|Any CPU.Build.0 = Release|Any CPU
	EndGlobalSection
	GlobalSection(SolutionProperties) = preSolution
		HideSolutionNode = FALSE
	EndGlobalSection
	GlobalSection(NestedProjects) = preSolution
		{70C4F265-7CE9-4418-BD82-FCD4D68B654E} = {6CC6F16F-696D-4827-A229-8CAF3426CEC8}
	EndGlobalSection
	GlobalSection(ExtensibilityGlobals) = postSolution
		SolutionGuid = {803CB7CF-65D6-489D-B930-7DAFBDEE6CD9}
	EndGlobalSection
EndGlobal
